
Microsoft Visual Studio Solution File, Format Version 12.00
# Visual Studio Version 16
VisualStudioVersion = 16.0.29709.97
MinimumVisualStudioVersion = 10.0.40219.1
Project("{FAE04EC0-301F-11D3-BF4B-00C04F79EFBC}") = "ReturnToSender,sln", "ReturnToSender,sln\ReturnToSender,sln.csproj", "{1EA714E6-A3AD-40B2-9339-3E922C874F9A}"
EndProject
Global
	GlobalSection(SolutionConfigurationPlatforms) = preSolution
		Debug|Any CPU = Debug|Any CPU
		Release|Any CPU = Release|Any CPU
	EndGlobalSection
	GlobalSection(ProjectConfigurationPlatforms) = postSolution
		{1EA714E6-A3AD-40B2-9339-3E922C874F9A}.Debug|Any CPU.ActiveCfg = Debug|Any CPU
		{1EA714E6-A3AD-40B2-9339-3E922C874F9A}.Debug|Any CPU.Build.0 = Debug|Any CPU
		{1EA714E6-A3AD-40B2-9339-3E922C874F9A}.Release|Any CPU.ActiveCfg = Release|Any CPU
		{1EA714E6-A3AD-40B2-9339-3E922C874F9A}.Release|Any CPU.Build.0 = Release|Any CPU
	EndGlobalSection
	GlobalSection(SolutionProperties) = preSolution
		HideSolutionNode = FALSE
	EndGlobalSection
	GlobalSection(ExtensibilityGlobals) = postSolution
		SolutionGuid = {512118FA-01C0-47BA-9254-407516664F07}
	EndGlobalSection
EndGlobal
